// !$*UTF8*$!
{
	archiveVersion = 1;
	classes = {
	};
	objectVersion = 46;
	objects = {

/* Begin PBXBuildFile section */
		C0B76C901A8000F0007F72DA /* main.m in Sources */ = {isa = PBXBuildFile; fileRef = C0B76C8F1A8000F0007F72DA /* main.m */; };
		C0B76C931A8000F0007F72DA /* AppDelegate.m in Sources */ = {isa = PBXBuildFile; fileRef = C0B76C921A8000F0007F72DA /* AppDelegate.m */; };
		C0B76C961A8000F0007F72DA /* Crowd_Paper.xcdatamodeld in Sources */ = {isa = PBXBuildFile; fileRef = C0B76C941A8000F0007F72DA /* Crowd_Paper.xcdatamodeld */; };
		C0B76C991A8000F0007F72DA /* ViewController.m in Sources */ = {isa = PBXBuildFile; fileRef = C0B76C981A8000F0007F72DA /* ViewController.m */; };
		C0B76C9C1A8000F0007F72DA /* Main.storyboard in Resources */ = {isa = PBXBuildFile; fileRef = C0B76C9A1A8000F0007F72DA /* Main.storyboard */; };
		C0B76C9E1A8000F0007F72DA /* Images.xcassets in Resources */ = {isa = PBXBuildFile; fileRef = C0B76C9D1A8000F0007F72DA /* Images.xcassets */; };
		C0B76CA11A8000F0007F72DA /* LaunchScreen.xib in Resources */ = {isa = PBXBuildFile; fileRef = C0B76C9F1A8000F0007F72DA /* LaunchScreen.xib */; };
		C0B76CAD1A8000F0007F72DA /* Crowd_PaperTests.m in Sources */ = {isa = PBXBuildFile; fileRef = C0B76CAC1A8000F0007F72DA /* Crowd_PaperTests.m */; };
/* End PBXBuildFile section */

/* Begin PBXContainerItemProxy section */
		C0B76CA71A8000F0007F72DA /* PBXContainerItemProxy */ = {
			isa = PBXContainerItemProxy;
			containerPortal = C0B76C821A8000EF007F72DA /* Project object */;
			proxyType = 1;
			remoteGlobalIDString = C0B76C891A8000F0007F72DA;
			remoteInfo = "Crowd Paper";
		};
/* End PBXContainerItemProxy section */

/* Begin PBXFileReference section */
		C0B76C8A1A8000F0007F72DA /* Crowd Paper.app */ = {isa = PBXFileReference; explicitFileType = wrapper.application; includeInIndex = 0; path = "Crowd Paper.app"; sourceTree = BUILT_PRODUCTS_DIR; };
		C0B76C8E1A8000F0007F72DA /* Info.plist */ = {isa = PBXFileReference; lastKnownFileType = text.plist.xml; path = Info.plist; sourceTree = "<group>"; };
		C0B76C8F1A8000F0007F72DA /* main.m */ = {isa = PBXFileReference; lastKnownFileType = sourcecode.c.objc; path = main.m; sourceTree = "<group>"; };
		C0B76C911A8000F0007F72DA /* AppDelegate.h */ = {isa = PBXFileReference; lastKnownFileType = sourcecode.c.h; path = AppDelegate.h; sourceTree = "<group>"; };
		C0B76C921A8000F0007F72DA /* AppDelegate.m */ = {isa = PBXFileReference; lastKnownFileType = sourcecode.c.objc; path = AppDelegate.m; sourceTree = "<group>"; };
		C0B76C951A8000F0007F72DA /* Crowd_Paper.xcdatamodel */ = {isa = PBXFileReference; lastKnownFileType = wrapper.xcdatamodel; path = Crowd_Paper.xcdatamodel; sourceTree = "<group>"; };
		C0B76C971A8000F0007F72DA /* ViewController.h */ = {isa = PBXFileReference; lastKnownFileType = sourcecode.c.h; path = ViewController.h; sourceTree = "<group>"; };
		C0B76C981A8000F0007F72DA /* ViewController.m */ = {isa = PBXFileReference; lastKnownFileType = sourcecode.c.objc; path = ViewController.m; sourceTree = "<group>"; };
		C0B76C9B1A8000F0007F72DA /* Base */ = {isa = PBXFileReference; lastKnownFileType = file.storyboard; name = Base; path = Base.lproj/Main.storyboard; sourceTree = "<group>"; };
		C0B76C9D1A8000F0007F72DA /* Images.xcassets */ = {isa = PBXFileReference; lastKnownFileType = folder.assetcatalog; path = Images.xcassets; sourceTree = "<group>"; };
		C0B76CA01A8000F0007F72DA /* Base */ = {isa = PBXFileReference; lastKnownFileType = file.xib; name = Base; path = Base.lproj/LaunchScreen.xib; sourceTree = "<group>"; };
		C0B76CA61A8000F0007F72DA /* Crowd PaperTests.xctest */ = {isa = PBXFileReference; explicitFileType = wrapper.cfbundle; includeInIndex = 0; path = "Crowd PaperTests.xctest"; sourceTree = BUILT_PRODUCTS_DIR; };
		C0B76CAB1A8000F0007F72DA /* Info.plist */ = {isa = PBXFileReference; lastKnownFileType = text.plist.xml; path = Info.plist; sourceTree = "<group>"; };
		C0B76CAC1A8000F0007F72DA /* Crowd_PaperTests.m */ = {isa = PBXFileReference; lastKnownFileType = sourcecode.c.objc; path = Crowd_PaperTests.m; sourceTree = "<group>"; };
/* End PBXFileReference section */

/* Begin PBXFrameworksBuildPhase section */
		C0B76C871A8000F0007F72DA /* Frameworks */ = {
			isa = PBXFrameworksBuildPhase;
			buildActionMask = 2147483647;
			files = (
			);
			runOnlyForDeploymentPostprocessing = 0;
		};
		C0B76CA31A8000F0007F72DA /* Frameworks */ = {
			isa = PBXFrameworksBuildPhase;
			buildActionMask = 2147483647;
			files = (
			);
			runOnlyForDeploymentPostprocessing = 0;
		};
/* End PBXFrameworksBuildPhase section */

/* Begin PBXGroup section */
		C0B76C811A8000EF007F72DA = {
			isa = PBXGroup;
			children = (
				C0B76C8C1A8000F0007F72DA /* Crowd Paper */,
				C0B76CA91A8000F0007F72DA /* Crowd PaperTests */,
				C0B76C8B1A8000F0007F72DA /* Products */,
			);
			sourceTree = "<group>";
		};
		C0B76C8B1A8000F0007F72DA /* Products */ = {
			isa = PBXGroup;
			children = (
				C0B76C8A1A8000F0007F72DA /* Crowd Paper.app */,
				C0B76CA61A8000F0007F72DA /* Crowd PaperTests.xctest */,
			);
			name = Products;
			sourceTree = "<group>";
		};
		C0B76C8C1A8000F0007F72DA /* Crowd Paper */ = {
			isa = PBXGroup;
			children = (
				C0B76C911A8000F0007F72DA /* AppDelegate.h */,
				C0B76C921A8000F0007F72DA /* AppDelegate.m */,
				C0B76C971A8000F0007F72DA /* ViewController.h */,
				C0B76C981A8000F0007F72DA /* ViewController.m */,
				C0B76C9A1A8000F0007F72DA /* Main.storyboard */,
				C0B76C9D1A8000F0007F72DA /* Images.xcassets */,
				C0B76C9F1A8000F0007F72DA /* LaunchScreen.xib */,
				C0B76C941A8000F0007F72DA /* Crowd_Paper.xcdatamodeld */,
				C0B76C8D1A8000F0007F72DA /* Supporting Files */,
			);
			path = "Crowd Paper";
			sourceTree = "<group>";
		};
		C0B76C8D1A8000F0007F72DA /* Supporting Files */ = {
			isa = PBXGroup;
			children = (
				C0B76C8E1A8000F0007F72DA /* Info.plist */,
				C0B76C8F1A8000F0007F72DA /* main.m */,
			);
			name = "Supporting Files";
			sourceTree = "<group>";
		};
		C0B76CA91A8000F0007F72DA /* Crowd PaperTests */ = {
			isa = PBXGroup;
			children = (
				C0B76CAC1A8000F0007F72DA /* Crowd_PaperTests.m */,
				C0B76CAA1A8000F0007F72DA /* Supporting Files */,
			);
			path = "Crowd PaperTests";
			sourceTree = "<group>";
		};
		C0B76CAA1A8000F0007F72DA /* Supporting Files */ = {
			isa = PBXGroup;
			children = (
				C0B76CAB1A8000F0007F72DA /* Info.plist */,
			);
			name = "Supporting Files";
			sourceTree = "<group>";
		};
/* End PBXGroup section */

/* Begin PBXNativeTarget section */
		C0B76C891A8000F0007F72DA /* Crowd Paper */ = {
			isa = PBXNativeTarget;
			buildConfigurationList = C0B76CB01A8000F0007F72DA /* Build configuration list for PBXNativeTarget "Crowd Paper" */;
			buildPhases = (
				C0B76C861A8000F0007F72DA /* Sources */,
				C0B76C871A8000F0007F72DA /* Frameworks */,
				C0B76C881A8000F0007F72DA /* Resources */,
			);
			buildRules = (
			);
			dependencies = (
			);
			name = "Crowd Paper";
			productName = "Crowd Paper";
			productReference = C0B76C8A1A8000F0007F72DA /* Crowd Paper.app */;
			productType = "com.apple.product-type.application";
		};
		C0B76CA51A8000F0007F72DA /* Crowd PaperTests */ = {
			isa = PBXNativeTarget;
			buildConfigurationList = C0B76CB31A8000F0007F72DA /* Build configuration list for PBXNativeTarget "Crowd PaperTests" */;
			buildPhases = (
				C0B76CA21A8000F0007F72DA /* Sources */,
				C0B76CA31A8000F0007F72DA /* Frameworks */,
				C0B76CA41A8000F0007F72DA /* Resources */,
			);
			buildRules = (
			);
			dependencies = (
				C0B76CA81A8000F0007F72DA /* PBXTargetDependency */,
			);
			name = "Crowd PaperTests";
			productName = "Crowd PaperTests";
			productReference = C0B76CA61A8000F0007F72DA /* Crowd PaperTests.xctest */;
			productType = "com.apple.product-type.bundle.unit-test";
		};
/* End PBXNativeTarget section */

/* Begin PBXProject section */
		C0B76C821A8000EF007F72DA /* Project object */ = {
			isa = PBXProject;
			attributes = {
				LastUpgradeCheck = 0610;
				ORGANIZATIONNAME = "Ehud Adler";
				TargetAttributes = {
					C0B76C891A8000F0007F72DA = {
						CreatedOnToolsVersion = 6.1.1;
					};
					C0B76CA51A8000F0007F72DA = {
						CreatedOnToolsVersion = 6.1.1;
						TestTargetID = C0B76C891A8000F0007F72DA;
					};
				};
			};
			buildConfigurationList = C0B76C851A8000EF007F72DA /* Build configuration list for PBXProject "Crowd Paper" */;
			compatibilityVersion = "Xcode 3.2";
			developmentRegion = English;
			hasScannedForEncodings = 0;
			knownRegions = (
				en,
				Base,
			);
			mainGroup = C0B76C811A8000EF007F72DA;
			productRefGroup = C0B76C8B1A8000F0007F72DA /* Products */;
			projectDirPath = "";
			projectRoot = "";
			targets = (
				C0B76C891A8000F0007F72DA /* Crowd Paper */,
				C0B76CA51A8000F0007F72DA /* Crowd PaperTests */,
			);
		};
/* End PBXProject section */

/* Begin PBXResourcesBuildPhase section */
		C0B76C881A8000F0007F72DA /* Resources */ = {
			isa = PBXResourcesBuildPhase;
			buildActionMask = 2147483647;
			files = (
				C0B76C9C1A8000F0007F72DA /* Main.storyboard in Resources */,
				C0B76CA11A8000F0007F72DA /* LaunchScreen.xib in Resources */,
				C0B76C9E1A8000F0007F72DA /* Images.xcassets in Resources */,
			);
			runOnlyForDeploymentPostprocessing = 0;
		};
		C0B76CA41A8000F0007F72DA /* Resources */ = {
			isa = PBXResourcesBuildPhase;
			buildActionMask = 2147483647;
			files = (
			);
			runOnlyForDeploymentPostprocessing = 0;
		};
/* End PBXResourcesBuildPhase section */

/* Begin PBXSourcesBuildPhase section */
		C0B76C861A8000F0007F72DA /* Sources */ = {
			isa = PBXSourcesBuildPhase;
			buildActionMask = 2147483647;
			files = (
				C0B76C961A8000F0007F72DA /* Crowd_Paper.xcdatamodeld in Sources */,
				C0B76C931A8000F0007F72DA /* AppDelegate.m in Sources */,
				C0B76C991A8000F0007F72DA /* ViewController.m in Sources */,
				C0B76C901A8000F0007F72DA /* main.m in Sources */,
			);
			runOnlyForDeploymentPostprocessing = 0;
		};
		C0B76CA21A8000F0007F72DA /* Sources */ = {
			isa = PBXSourcesBuildPhase;
			buildActionMask = 2147483647;
			files = (
				C0B76CAD1A8000F0007F72DA /* Crowd_PaperTests.m in Sources */,
			);
			runOnlyForDeploymentPostprocessing = 0;
		};
/* End PBXSourcesBuildPhase section */

/* Begin PBXTargetDependency section */
		C0B76CA81A8000F0007F72DA /* PBXTargetDependency */ = {
			isa = PBXTargetDependency;
			target = C0B76C891A8000F0007F72DA /* Crowd Paper */;
			targetProxy = C0B76CA71A8000F0007F72DA /* PBXContainerItemProxy */;
		};
/* End PBXTargetDependency section */

/* Begin PBXVariantGroup section */
		C0B76C9A1A8000F0007F72DA /* Main.storyboard */ = {
			isa = PBXVariantGroup;
			children = (
				C0B76C9B1A8000F0007F72DA /* Base */,
			);
			name = Main.storyboard;
			sourceTree = "<group>";
		};
		C0B76C9F1A8000F0007F72DA /* LaunchScreen.xib */ = {
			isa = PBXVariantGroup;
			children = (
				C0B76CA01A8000F0007F72DA /* Base */,
			);
			name = LaunchScreen.xib;
			sourceTree = "<group>";
		};
/* End PBXVariantGroup section */

/* Begin XCBuildConfiguration section */
		C0B76CAE1A8000F0007F72DA /* Debug */ = {
			isa = XCBuildConfiguration;
			buildSettings = {
				ALWAYS_SEARCH_USER_PATHS = NO;
				CLANG_CXX_LANGUAGE_STANDARD = "gnu++0x";
				CLANG_CXX_LIBRARY = "libc++";
				CLANG_ENABLE_MODULES = YES;
				CLANG_ENABLE_OBJC_ARC = YES;
				CLANG_WARN_BOOL_CONVERSION = YES;
				CLANG_WARN_CONSTANT_CONVERSION = YES;
				CLANG_WARN_DIRECT_OBJC_ISA_USAGE = YES_ERROR;
				CLANG_WARN_EMPTY_BODY = YES;
				CLANG_WARN_ENUM_CONVERSION = YES;
				CLANG_WARN_INT_CONVERSION = YES;
				CLANG_WARN_OBJC_ROOT_CLASS = YES_ERROR;
				CLANG_WARN_UNREACHABLE_CODE = YES;
				CLANG_WARN__DUPLICATE_METHOD_MATCH = YES;
				"CODE_SIGN_IDENTITY[sdk=iphoneos*]" = "iPhone Developer";
				COPY_PHASE_STRIP = NO;
				ENABLE_STRICT_OBJC_MSGSEND = YES;
				GCC_C_LANGUAGE_STANDARD = gnu99;
				GCC_DYNAMIC_NO_PIC = NO;
				GCC_OPTIMIZATION_LEVEL = 0;
				GCC_PREPROCESSOR_DEFINITIONS = (
					"DEBUG=1",
					"$(inherited)",
				);
				GCC_SYMBOLS_PRIVATE_EXTERN = NO;
				GCC_WARN_64_TO_32_BIT_CONVERSION = YES;
				GCC_WARN_ABOUT_RETURN_TYPE = YES_ERROR;
				GCC_WARN_UNDECLARED_SELECTOR = YES;
				GCC_WARN_UNINITIALIZED_AUTOS = YES_AGGRESSIVE;
				GCC_WARN_UNUSED_FUNCTION = YES;
				GCC_WARN_UNUSED_VARIABLE = YES;
				IPHONEOS_DEPLOYMENT_TARGET = 8.1;
				MTL_ENABLE_DEBUG_INFO = YES;
				ONLY_ACTIVE_ARCH = YES;
				SDKROOT = iphoneos;
			};
			name = Debug;
		};
		C0B76CAF1A8000F0007F72DA /* Release */ = {
			isa = XCBuildConfiguration;
			buildSettings = {
				ALWAYS_SEARCH_USER_PATHS = NO;
				CLANG_CXX_LANGUAGE_STANDARD = "gnu++0x";
				CLANG_CXX_LIBRARY = "libc++";
				CLANG_ENABLE_MODULES = YES;
				CLANG_ENABLE_OBJC_ARC = YES;
				CLANG_WARN_BOOL_CONVERSION = YES;
				CLANG_WARN_CONSTANT_CONVERSION = YES;
				CLANG_WARN_DIRECT_OBJC_ISA_USAGE = YES_ERROR;
				CLANG_WARN_EMPTY_BODY = YES;
				CLANG_WARN_ENUM_CONVERSION = YES;
				CLANG_WARN_INT_CONVERSION = YES;
				CLANG_WARN_OBJC_ROOT_CLASS = YES_ERROR;
				CLANG_WARN_UNREACHABLE_CODE = YES;
				CLANG_WARN__DUPLICATE_METHOD_MATCH = YES;
				"CODE_SIGN_IDENTITY[sdk=iphoneos*]" = "iPhone Developer";
				COPY_PHASE_STRIP = YES;
				ENABLE_NS_ASSERTIONS = NO;
				ENABLE_STRICT_OBJC_MSGSEND = YES;
				GCC_C_LANGUAGE_STANDARD = gnu99;
				GCC_WARN_64_TO_32_BIT_CONVERSION = YES;
				GCC_WARN_ABOUT_RETURN_TYPE = YES_ERROR;
				GCC_WARN_UNDECLARED_SELECTOR = YES;
				GCC_WARN_UNINITIALIZED_AUTOS = YES_AGGRESSIVE;
				GCC_WARN_UNUSED_FUNCTION = YES;
				GCC_WARN_UNUSED_VARIABLE = YES;
				IPHONEOS_DEPLOYMENT_TARGET = 8.1;
				MTL_ENABLE_DEBUG_INFO = NO;
				SDKROOT = iphoneos;
				VALIDATE_PRODUCT = YES;
			};
			name = Release;
		};
		C0B76CB11A8000F0007F72DA /* Debug */ = {
			isa = XCBuildConfiguration;
			buildSettings = {
				ASSETCATALOG_COMPILER_APPICON_NAME = AppIcon;
				INFOPLIST_FILE = "Crowd Paper/Info.plist";
				LD_RUNPATH_SEARCH_PATHS = "$(inherited) @executable_path/Frameworks";
				PRODUCT_NAME = "$(TARGET_NAME)";
			};
			name = Debug;
		};
		C0B76CB21A8000F0007F72DA /* Release */ = {
			isa = XCBuildConfiguration;
			buildSettings = {
				ASSETCATALOG_COMPILER_APPICON_NAME = AppIcon;
				INFOPLIST_FILE = "Crowd Paper/Info.plist";
				LD_RUNPATH_SEARCH_PATHS = "$(inherited) @executable_path/Frameworks";
				PRODUCT_NAME = "$(TARGET_NAME)";
			};
			name = Release;
		};
		C0B76CB41A8000F0007F72DA /* Debug */ = {
			isa = XCBuildConfiguration;
			buildSettings = {
				BUNDLE_LOADER = "$(TEST_HOST)";
				FRAMEWORK_SEARCH_PATHS = (
					"$(SDKROOT)/Developer/Library/Frameworks",
					"$(inherited)",
				);
				GCC_PREPROCESSOR_DEFINITIONS = (
					"DEBUG=1",
					"$(inherited)",
				);
				INFOPLIST_FILE = "Crowd PaperTests/Info.plist";
				LD_RUNPATH_SEARCH_PATHS = "$(inherited) @executable_path/Frameworks @loader_path/Frameworks";
				PRODUCT_NAME = "$(TARGET_NAME)";
				TEST_HOST = "$(BUILT_PRODUCTS_DIR)/Crowd Paper.app/Crowd Paper";
			};
			name = Debug;
		};
		C0B76CB51A8000F0007F72DA /* Release */ = {
			isa = XCBuildConfiguration;
			buildSettings = {
				BUNDLE_LOADER = "$(TEST_HOST)";
				FRAMEWORK_SEARCH_PATHS = (
					"$(SDKROOT)/Developer/Library/Frameworks",
					"$(inherited)",
				);
				INFOPLIST_FILE = "Crowd PaperTests/Info.plist";
				LD_RUNPATH_SEARCH_PATHS = "$(inherited) @executable_path/Frameworks @loader_path/Frameworks";
				PRODUCT_NAME = "$(TARGET_NAME)";
				TEST_HOST = "$(BUILT_PRODUCTS_DIR)/Crowd Paper.app/Crowd Paper";
			};
			name = Release;
		};
/* End XCBuildConfiguration section */

/* Begin XCConfigurationList section */
		C0B76C851A8000EF007F72DA /* Build configuration list for PBXProject "Crowd Paper" */ = {
			isa = XCConfigurationList;
			buildConfigurations = (
				C0B76CAE1A8000F0007F72DA /* Debug */,
				C0B76CAF1A8000F0007F72DA /* Release */,
			);
			defaultConfigurationIsVisible = 0;
			defaultConfigurationName = Release;
		};
		C0B76CB01A8000F0007F72DA /* Build configuration list for PBXNativeTarget "Crowd Paper" */ = {
			isa = XCConfigurationList;
			buildConfigurations = (
				C0B76CB11A8000F0007F72DA /* Debug */,
				C0B76CB21A8000F0007F72DA /* Release */,
			);
			defaultConfigurationIsVisible = 0;
		};
		C0B76CB31A8000F0007F72DA /* Build configuration list for PBXNativeTarget "Crowd PaperTests" */ = {
			isa = XCConfigurationList;
			buildConfigurations = (
				C0B76CB41A8000F0007F72DA /* Debug */,
				C0B76CB51A8000F0007F72DA /* Release */,
			);
			defaultConfigurationIsVisible = 0;
		};
/* End XCConfigurationList section */

/* Begin XCVersionGroup section */
		C0B76C941A8000F0007F72DA /* Crowd_Paper.xcdatamodeld */ = {
			isa = XCVersionGroup;
			children = (
				C0B76C951A8000F0007F72DA /* Crowd_Paper.xcdatamodel */,
			);
			currentVersion = C0B76C951A8000F0007F72DA /* Crowd_Paper.xcdatamodel */;
			path = Crowd_Paper.xcdatamodeld;
			sourceTree = "<group>";
			versionGroupType = wrapper.xcdatamodel;
		};
/* End XCVersionGroup section */
	};
	rootObject = C0B76C821A8000EF007F72DA /* Project object */;
}
